
Microsoft Visual Studio Solution File, Format Version 12.00
# Visual Studio Version 17
VisualStudioVersion = 17.14.37216.2 d17.14
MinimumVisualStudioVersion = 10.0.40219.1
Project("{FAE04EC0-301F-11D3-BF4B-00C04F79EFBC}") = "TransportFlow.API", "TransportFlow.API\TransportFlow.API.csproj", "{C9875856-2A23-4996-985B-35AF0336F07A}"
EndProject
Global
	GlobalSection(SolutionConfigurationPlatforms) = preSolution
		Debug|Any CPU = Debug|Any CPU
		Release|Any CPU = Release|Any CPU
	EndGlobalSection
	GlobalSection(ProjectConfigurationPlatforms) = postSolution
		{C9875856-2A23-4996-985B-35AF0336F07A}.Debug|Any CPU.ActiveCfg = Debug|Any CPU
		{C9875856-2A23-4996-985B-35AF0336F07A}.Debug|Any CPU.Build.0 = Debug|Any CPU
		{C9875856-2A23-4996-985B-35AF0336F07A}.Release|Any CPU.ActiveCfg = Release|Any CPU
		{C9875856-2A23-4996-985B-35AF0336F07A}.Release|Any CPU.Build.0 = Release|Any CPU
	EndGlobalSection
	GlobalSection(SolutionProperties) = preSolution
		HideSolutionNode = FALSE
	EndGlobalSection
	GlobalSection(ExtensibilityGlobals) = postSolution
		SolutionGuid = {E481C84B-BB26-4EB2-9D6D-58628FDB89F9}
	EndGlobalSection
EndGlobal
